
Microsoft Visual Studio Solution File, Format Version 12.00
# Visual Studio Version 16
VisualStudioVersion = 16.0.29613.14
MinimumVisualStudioVersion = 10.0.40219.1
Project("{FAE04EC0-301F-11D3-BF4B-00C04F79EFBC}") = "WPFPractice", "WPFPractice\WPFPractice.csproj", "{544F6444-5DDA-412B-8898-ADCC2D5ED9EE}"
EndProject
Global
	GlobalSection(SolutionConfigurationPlatforms) = preSolution
		Debug|Any CPU = Debug|Any CPU
		Release|Any CPU = Release|Any CPU
	EndGlobalSection
	GlobalSection(ProjectConfigurationPlatforms) = postSolution
		{544F6444-5DDA-412B-8898-ADCC2D5ED9EE}.Debug|Any CPU.ActiveCfg = Debug|Any CPU
		{544F6444-5DDA-412B-8898-ADCC2D5ED9EE}.Debug|Any CPU.Build.0 = Debug|Any CPU
		{544F6444-5DDA-412B-8898-ADCC2D5ED9EE}.Release|Any CPU.ActiveCfg = Release|Any CPU
		{544F6444-5DDA-412B-8898-ADCC2D5ED9EE}.Release|Any CPU.Build.0 = Release|Any CPU
	EndGlobalSection
	GlobalSection(SolutionProperties) = preSolution
		HideSolutionNode = FALSE
	EndGlobalSection
	GlobalSection(ExtensibilityGlobals) = postSolution
		SolutionGuid = {3FC1D81B-2964-454C-9169-8EE8CE9774D0}
	EndGlobalSection
EndGlobal
